
Microsoft Visual Studio Solution File, Format Version 12.00
# Visual Studio Version 16
VisualStudioVersion = 16.0.30413.136
MinimumVisualStudioVersion = 10.0.40219.1
Project("{FAE04EC0-301F-11D3-BF4B-00C04F79EFBC}") = "Ejercicio18", "Ejercicio18\Ejercicio18.csproj", "{E3157B7D-5FE0-45C4-A750-B1BD4BADDF51}"
EndProject
Project("{FAE04EC0-301F-11D3-BF4B-00C04F79EFBC}") = "Biblioteca", "Biblioteca\Biblioteca.csproj", "{C90B3250-92B2-4B8A-94E8-DF6FA819F4D2}"
EndProject
Global
	GlobalSection(SolutionConfigurationPlatforms) = preSolution
		Debug|Any CPU = Debug|Any CPU
		Release|Any CPU = Release|Any CPU
	EndGlobalSection
	GlobalSection(ProjectConfigurationPlatforms) = postSolution
		{E3157B7D-5FE0-45C4-A750-B1BD4BADDF51}.Debug|Any CPU.ActiveCfg = Debug|Any CPU
		{E3157B7D-5FE0-45C4-A750-B1BD4BADDF51}.Debug|Any CPU.Build.0 = Debug|Any CPU
		{E3157B7D-5FE0-45C4-A750-B1BD4BADDF51}.Release|Any CPU.ActiveCfg = Release|Any CPU
		{E3157B7D-5FE0-45C4-A750-B1BD4BADDF51}.Release|Any CPU.Build.0 = Release|Any CPU
		{C90B3250-92B2-4B8A-94E8-DF6FA819F4D2}.Debug|Any CPU.ActiveCfg = Debug|Any CPU
		{C90B3250-92B2-4B8A-94E8-DF6FA819F4D2}.Debug|Any CPU.Build.0 = Debug|Any CPU
		{C90B3250-92B2-4B8A-94E8-DF6FA819F4D2}.Release|Any CPU.ActiveCfg = Release|Any CPU
		{C90B3250-92B2-4B8A-94E8-DF6FA819F4D2}.Release|Any CPU.Build.0 = Release|Any CPU
	EndGlobalSection
	GlobalSection(SolutionProperties) = preSolution
		HideSolutionNode = FALSE
	EndGlobalSection
	GlobalSection(ExtensibilityGlobals) = postSolution
		SolutionGuid = {1C95B138-CD62-4FC4-A45E-82E290809C20}
	EndGlobalSection
EndGlobal
