
Microsoft Visual Studio Solution File, Format Version 12.00
# Visual Studio Version 16
VisualStudioVersion = 16.0.30503.244
MinimumVisualStudioVersion = 10.0.40219.1
Project("{FAE04EC0-301F-11D3-BF4B-00C04F79EFBC}") = "Test", "Test\Test.csproj", "{ED7F5323-24B0-4ED8-83C9-BA9975F790E0}"
EndProject
Project("{FAE04EC0-301F-11D3-BF4B-00C04F79EFBC}") = "Entidades", "Entidades\Entidades.csproj", "{67918956-6E9B-45A8-981F-D7920E232AA3}"
EndProject
Global
	GlobalSection(SolutionConfigurationPlatforms) = preSolution
		Debug|Any CPU = Debug|Any CPU
		Release|Any CPU = Release|Any CPU
	EndGlobalSection
	GlobalSection(ProjectConfigurationPlatforms) = postSolution
		{ED7F5323-24B0-4ED8-83C9-BA9975F790E0}.Debug|Any CPU.ActiveCfg = Debug|Any CPU
		{ED7F5323-24B0-4ED8-83C9-BA9975F790E0}.Debug|Any CPU.Build.0 = Debug|Any CPU
		{ED7F5323-24B0-4ED8-83C9-BA9975F790E0}.Release|Any CPU.ActiveCfg = Release|Any CPU
		{ED7F5323-24B0-4ED8-83C9-BA9975F790E0}.Release|Any CPU.Build.0 = Release|Any CPU
		{67918956-6E9B-45A8-981F-D7920E232AA3}.Debug|Any CPU.ActiveCfg = Debug|Any CPU
		{67918956-6E9B-45A8-981F-D7920E232AA3}.Debug|Any CPU.Build.0 = Debug|Any CPU
		{67918956-6E9B-45A8-981F-D7920E232AA3}.Release|Any CPU.ActiveCfg = Release|Any CPU
		{67918956-6E9B-45A8-981F-D7920E232AA3}.Release|Any CPU.Build.0 = Release|Any CPU
	EndGlobalSection
	GlobalSection(SolutionProperties) = preSolution
		HideSolutionNode = FALSE
	EndGlobalSection
	GlobalSection(ExtensibilityGlobals) = postSolution
		SolutionGuid = {57B2B1E6-6588-4D33-A224-B03C2B61F7C9}
	EndGlobalSection
EndGlobal
