
Microsoft Visual Studio Solution File, Format Version 12.00
# Visual Studio Version 16
VisualStudioVersion = 16.0.30413.136
MinimumVisualStudioVersion = 10.0.40219.1
Project("{FAE04EC0-301F-11D3-BF4B-00C04F79EFBC}") = "Test", "CentralitaHerencia\Test.csproj", "{F6E92D50-9787-4A6F-9AC8-8F7352EC13E5}"
EndProject
Project("{FAE04EC0-301F-11D3-BF4B-00C04F79EFBC}") = "CentralitaHerencia", "Entidades\CentralitaHerencia.csproj", "{3DE6F75E-33A3-4687-974B-B905962C50F2}"
EndProject
Global
	GlobalSection(SolutionConfigurationPlatforms) = preSolution
		Debug|Any CPU = Debug|Any CPU
		Release|Any CPU = Release|Any CPU
	EndGlobalSection
	GlobalSection(ProjectConfigurationPlatforms) = postSolution
		{F6E92D50-9787-4A6F-9AC8-8F7352EC13E5}.Debug|Any CPU.ActiveCfg = Debug|Any CPU
		{F6E92D50-9787-4A6F-9AC8-8F7352EC13E5}.Debug|Any CPU.Build.0 = Debug|Any CPU
		{F6E92D50-9787-4A6F-9AC8-8F7352EC13E5}.Release|Any CPU.ActiveCfg = Release|Any CPU
		{F6E92D50-9787-4A6F-9AC8-8F7352EC13E5}.Release|Any CPU.Build.0 = Release|Any CPU
		{3DE6F75E-33A3-4687-974B-B905962C50F2}.Debug|Any CPU.ActiveCfg = Debug|Any CPU
		{3DE6F75E-33A3-4687-974B-B905962C50F2}.Debug|Any CPU.Build.0 = Debug|Any CPU
		{3DE6F75E-33A3-4687-974B-B905962C50F2}.Release|Any CPU.ActiveCfg = Release|Any CPU
		{3DE6F75E-33A3-4687-974B-B905962C50F2}.Release|Any CPU.Build.0 = Release|Any CPU
	EndGlobalSection
	GlobalSection(SolutionProperties) = preSolution
		HideSolutionNode = FALSE
	EndGlobalSection
	GlobalSection(ExtensibilityGlobals) = postSolution
		SolutionGuid = {201AC40C-2D10-4AF2-AC11-3EBB56196D38}
	EndGlobalSection
EndGlobal
