
Microsoft Visual Studio Solution File, Format Version 12.00
# Visual Studio Version 16
VisualStudioVersion = 16.0.30413.136
MinimumVisualStudioVersion = 10.0.40219.1
Project("{FAE04EC0-301F-11D3-BF4B-00C04F79EFBC}") = "Ejercicio72", "Ejercicio72\Ejercicio72.csproj", "{0758C9C6-0AE0-4B06-9B5A-EA88917FF74B}"
EndProject
Global
	GlobalSection(SolutionConfigurationPlatforms) = preSolution
		Debug|Any CPU = Debug|Any CPU
		Release|Any CPU = Release|Any CPU
	EndGlobalSection
	GlobalSection(ProjectConfigurationPlatforms) = postSolution
		{0758C9C6-0AE0-4B06-9B5A-EA88917FF74B}.Debug|Any CPU.ActiveCfg = Debug|Any CPU
		{0758C9C6-0AE0-4B06-9B5A-EA88917FF74B}.Debug|Any CPU.Build.0 = Debug|Any CPU
		{0758C9C6-0AE0-4B06-9B5A-EA88917FF74B}.Release|Any CPU.ActiveCfg = Release|Any CPU
		{0758C9C6-0AE0-4B06-9B5A-EA88917FF74B}.Release|Any CPU.Build.0 = Release|Any CPU
	EndGlobalSection
	GlobalSection(SolutionProperties) = preSolution
		HideSolutionNode = FALSE
	EndGlobalSection
	GlobalSection(ExtensibilityGlobals) = postSolution
		SolutionGuid = {E9C83080-1D0D-4471-870D-994194476963}
	EndGlobalSection
EndGlobal
