
Microsoft Visual Studio Solution File, Format Version 12.00
# Visual Studio Version 16
VisualStudioVersion = 16.0.30503.244
MinimumVisualStudioVersion = 10.0.40219.1
Project("{FAE04EC0-301F-11D3-BF4B-00C04F79EFBC}") = "Test", "Ejercicio50\Test.csproj", "{CA71A577-0B29-48B0-9308-FD61AD034E19}"
EndProject
Project("{FAE04EC0-301F-11D3-BF4B-00C04F79EFBC}") = "Entidades", "Entidades\Entidades.csproj", "{FAFA1064-D19E-4473-9DC6-F8C71E42B2A8}"
EndProject
Global
	GlobalSection(SolutionConfigurationPlatforms) = preSolution
		Debug|Any CPU = Debug|Any CPU
		Release|Any CPU = Release|Any CPU
	EndGlobalSection
	GlobalSection(ProjectConfigurationPlatforms) = postSolution
		{CA71A577-0B29-48B0-9308-FD61AD034E19}.Debug|Any CPU.ActiveCfg = Debug|Any CPU
		{CA71A577-0B29-48B0-9308-FD61AD034E19}.Debug|Any CPU.Build.0 = Debug|Any CPU
		{CA71A577-0B29-48B0-9308-FD61AD034E19}.Release|Any CPU.ActiveCfg = Release|Any CPU
		{CA71A577-0B29-48B0-9308-FD61AD034E19}.Release|Any CPU.Build.0 = Release|Any CPU
		{FAFA1064-D19E-4473-9DC6-F8C71E42B2A8}.Debug|Any CPU.ActiveCfg = Debug|Any CPU
		{FAFA1064-D19E-4473-9DC6-F8C71E42B2A8}.Debug|Any CPU.Build.0 = Debug|Any CPU
		{FAFA1064-D19E-4473-9DC6-F8C71E42B2A8}.Release|Any CPU.ActiveCfg = Release|Any CPU
		{FAFA1064-D19E-4473-9DC6-F8C71E42B2A8}.Release|Any CPU.Build.0 = Release|Any CPU
	EndGlobalSection
	GlobalSection(SolutionProperties) = preSolution
		HideSolutionNode = FALSE
	EndGlobalSection
	GlobalSection(ExtensibilityGlobals) = postSolution
		SolutionGuid = {BC8658CF-B09C-49C1-A77C-FEE5BC5B52A8}
	EndGlobalSection
EndGlobal
