
Microsoft Visual Studio Solution File, Format Version 12.00
# Visual Studio Version 16
VisualStudioVersion = 16.0.30503.244
MinimumVisualStudioVersion = 10.0.40219.1
Project("{FAE04EC0-301F-11D3-BF4B-00C04F79EFBC}") = "Test", "Ejercicio57\Test.csproj", "{F886A65B-02B3-4F10-BB57-C90DF15A8BA6}"
EndProject
Project("{FAE04EC0-301F-11D3-BF4B-00C04F79EFBC}") = "Entidades", "Persona\Entidades.csproj", "{C99CDBB6-4B93-427D-84B4-203E1A91C614}"
EndProject
Global
	GlobalSection(SolutionConfigurationPlatforms) = preSolution
		Debug|Any CPU = Debug|Any CPU
		Release|Any CPU = Release|Any CPU
	EndGlobalSection
	GlobalSection(ProjectConfigurationPlatforms) = postSolution
		{F886A65B-02B3-4F10-BB57-C90DF15A8BA6}.Debug|Any CPU.ActiveCfg = Debug|Any CPU
		{F886A65B-02B3-4F10-BB57-C90DF15A8BA6}.Debug|Any CPU.Build.0 = Debug|Any CPU
		{F886A65B-02B3-4F10-BB57-C90DF15A8BA6}.Release|Any CPU.ActiveCfg = Release|Any CPU
		{F886A65B-02B3-4F10-BB57-C90DF15A8BA6}.Release|Any CPU.Build.0 = Release|Any CPU
		{C99CDBB6-4B93-427D-84B4-203E1A91C614}.Debug|Any CPU.ActiveCfg = Debug|Any CPU
		{C99CDBB6-4B93-427D-84B4-203E1A91C614}.Debug|Any CPU.Build.0 = Debug|Any CPU
		{C99CDBB6-4B93-427D-84B4-203E1A91C614}.Release|Any CPU.ActiveCfg = Release|Any CPU
		{C99CDBB6-4B93-427D-84B4-203E1A91C614}.Release|Any CPU.Build.0 = Release|Any CPU
	EndGlobalSection
	GlobalSection(SolutionProperties) = preSolution
		HideSolutionNode = FALSE
	EndGlobalSection
	GlobalSection(ExtensibilityGlobals) = postSolution
		SolutionGuid = {874EDE06-EC9E-4CC6-9CF8-03C63E2B886C}
	EndGlobalSection
EndGlobal
