
Microsoft Visual Studio Solution File, Format Version 12.00
# Visual Studio Version 16
VisualStudioVersion = 16.0.30523.141
MinimumVisualStudioVersion = 10.0.40219.1
Project("{FAE04EC0-301F-11D3-BF4B-00C04F79EFBC}") = "Test", "Test\Test.csproj", "{33B30969-3860-4323-BBB7-1D6E7C727811}"
EndProject
Project("{FAE04EC0-301F-11D3-BF4B-00C04F79EFBC}") = "BibliotecaClases", "BibliotecaClases\BibliotecaClases.csproj", "{309F23B6-457A-4595-B123-64BA37A90D13}"
EndProject
Global
	GlobalSection(SolutionConfigurationPlatforms) = preSolution
		Debug|Any CPU = Debug|Any CPU
		Release|Any CPU = Release|Any CPU
	EndGlobalSection
	GlobalSection(ProjectConfigurationPlatforms) = postSolution
		{33B30969-3860-4323-BBB7-1D6E7C727811}.Debug|Any CPU.ActiveCfg = Debug|Any CPU
		{33B30969-3860-4323-BBB7-1D6E7C727811}.Debug|Any CPU.Build.0 = Debug|Any CPU
		{33B30969-3860-4323-BBB7-1D6E7C727811}.Release|Any CPU.ActiveCfg = Release|Any CPU
		{33B30969-3860-4323-BBB7-1D6E7C727811}.Release|Any CPU.Build.0 = Release|Any CPU
		{309F23B6-457A-4595-B123-64BA37A90D13}.Debug|Any CPU.ActiveCfg = Debug|Any CPU
		{309F23B6-457A-4595-B123-64BA37A90D13}.Debug|Any CPU.Build.0 = Debug|Any CPU
		{309F23B6-457A-4595-B123-64BA37A90D13}.Release|Any CPU.ActiveCfg = Release|Any CPU
		{309F23B6-457A-4595-B123-64BA37A90D13}.Release|Any CPU.Build.0 = Release|Any CPU
	EndGlobalSection
	GlobalSection(SolutionProperties) = preSolution
		HideSolutionNode = FALSE
	EndGlobalSection
	GlobalSection(ExtensibilityGlobals) = postSolution
		SolutionGuid = {23380C8E-2B3E-4D34-8CE8-52BF85FA5C17}
	EndGlobalSection
EndGlobal
