
Microsoft Visual Studio Solution File, Format Version 12.00
# Visual Studio Version 16
VisualStudioVersion = 16.0.30523.141
MinimumVisualStudioVersion = 10.0.40219.1
Project("{FAE04EC0-301F-11D3-BF4B-00C04F79EFBC}") = "VistaConsola", "VistaConsola\VistaConsola.csproj", "{E6C668F5-81A1-4E7E-9E39-308EA452A0C7}"
EndProject
Project("{FAE04EC0-301F-11D3-BF4B-00C04F79EFBC}") = "Entidades", "Entidades\Entidades.csproj", "{EB176FD1-D148-4010-BFEF-F34CAC42C783}"
EndProject
Project("{FAE04EC0-301F-11D3-BF4B-00C04F79EFBC}") = "VistaForm", "VistaForm\VistaForm.csproj", "{3C07A783-8E14-472A-9321-F8C9447FF680}"
EndProject
Global
	GlobalSection(SolutionConfigurationPlatforms) = preSolution
		Debug|Any CPU = Debug|Any CPU
		Release|Any CPU = Release|Any CPU
	EndGlobalSection
	GlobalSection(ProjectConfigurationPlatforms) = postSolution
		{E6C668F5-81A1-4E7E-9E39-308EA452A0C7}.Debug|Any CPU.ActiveCfg = Debug|Any CPU
		{E6C668F5-81A1-4E7E-9E39-308EA452A0C7}.Debug|Any CPU.Build.0 = Debug|Any CPU
		{E6C668F5-81A1-4E7E-9E39-308EA452A0C7}.Release|Any CPU.ActiveCfg = Release|Any CPU
		{E6C668F5-81A1-4E7E-9E39-308EA452A0C7}.Release|Any CPU.Build.0 = Release|Any CPU
		{EB176FD1-D148-4010-BFEF-F34CAC42C783}.Debug|Any CPU.ActiveCfg = Debug|Any CPU
		{EB176FD1-D148-4010-BFEF-F34CAC42C783}.Debug|Any CPU.Build.0 = Debug|Any CPU
		{EB176FD1-D148-4010-BFEF-F34CAC42C783}.Release|Any CPU.ActiveCfg = Release|Any CPU
		{EB176FD1-D148-4010-BFEF-F34CAC42C783}.Release|Any CPU.Build.0 = Release|Any CPU
		{3C07A783-8E14-472A-9321-F8C9447FF680}.Debug|Any CPU.ActiveCfg = Debug|Any CPU
		{3C07A783-8E14-472A-9321-F8C9447FF680}.Debug|Any CPU.Build.0 = Debug|Any CPU
		{3C07A783-8E14-472A-9321-F8C9447FF680}.Release|Any CPU.ActiveCfg = Release|Any CPU
		{3C07A783-8E14-472A-9321-F8C9447FF680}.Release|Any CPU.Build.0 = Release|Any CPU
	EndGlobalSection
	GlobalSection(SolutionProperties) = preSolution
		HideSolutionNode = FALSE
	EndGlobalSection
	GlobalSection(ExtensibilityGlobals) = postSolution
		SolutionGuid = {B5809B2D-B244-44F8-AF99-BA7A7BCBA1B5}
	EndGlobalSection
EndGlobal
