
Microsoft Visual Studio Solution File, Format Version 12.00
# Visual Studio Version 16
VisualStudioVersion = 16.0.30413.136
MinimumVisualStudioVersion = 10.0.40219.1
Project("{FAE04EC0-301F-11D3-BF4B-00C04F79EFBC}") = "Conversor", "Conversor\Conversor.csproj", "{21CE91AA-A40C-41E9-9D42-ADEB3C0752F7}"
EndProject
Project("{FAE04EC0-301F-11D3-BF4B-00C04F79EFBC}") = "Moneda", "Moneda\Moneda.csproj", "{306E15F9-D146-4927-A873-5A991353DF80}"
EndProject
Global
	GlobalSection(SolutionConfigurationPlatforms) = preSolution
		Debug|Any CPU = Debug|Any CPU
		Release|Any CPU = Release|Any CPU
	EndGlobalSection
	GlobalSection(ProjectConfigurationPlatforms) = postSolution
		{21CE91AA-A40C-41E9-9D42-ADEB3C0752F7}.Debug|Any CPU.ActiveCfg = Debug|Any CPU
		{21CE91AA-A40C-41E9-9D42-ADEB3C0752F7}.Debug|Any CPU.Build.0 = Debug|Any CPU
		{21CE91AA-A40C-41E9-9D42-ADEB3C0752F7}.Release|Any CPU.ActiveCfg = Release|Any CPU
		{21CE91AA-A40C-41E9-9D42-ADEB3C0752F7}.Release|Any CPU.Build.0 = Release|Any CPU
		{306E15F9-D146-4927-A873-5A991353DF80}.Debug|Any CPU.ActiveCfg = Debug|Any CPU
		{306E15F9-D146-4927-A873-5A991353DF80}.Debug|Any CPU.Build.0 = Debug|Any CPU
		{306E15F9-D146-4927-A873-5A991353DF80}.Release|Any CPU.ActiveCfg = Release|Any CPU
		{306E15F9-D146-4927-A873-5A991353DF80}.Release|Any CPU.Build.0 = Release|Any CPU
	EndGlobalSection
	GlobalSection(SolutionProperties) = preSolution
		HideSolutionNode = FALSE
	EndGlobalSection
	GlobalSection(ExtensibilityGlobals) = postSolution
		SolutionGuid = {A06D97CE-9D2A-4194-B2F8-DF1AFFD6AB03}
	EndGlobalSection
EndGlobal
