
Microsoft Visual Studio Solution File, Format Version 12.00
# Visual Studio Version 16
VisualStudioVersion = 16.0.30413.136
MinimumVisualStudioVersion = 10.0.40219.1
Project("{FAE04EC0-301F-11D3-BF4B-00C04F79EFBC}") = "Test", "Ejercicio35\Test.csproj", "{53A5D925-1FD4-482E-8ECE-D9419845F793}"
EndProject
Project("{FAE04EC0-301F-11D3-BF4B-00C04F79EFBC}") = "Entidades", "Entidades\Entidades.csproj", "{3E55D5ED-8511-4F5A-8D91-18DA495CC464}"
EndProject
Global
	GlobalSection(SolutionConfigurationPlatforms) = preSolution
		Debug|Any CPU = Debug|Any CPU
		Release|Any CPU = Release|Any CPU
	EndGlobalSection
	GlobalSection(ProjectConfigurationPlatforms) = postSolution
		{53A5D925-1FD4-482E-8ECE-D9419845F793}.Debug|Any CPU.ActiveCfg = Debug|Any CPU
		{53A5D925-1FD4-482E-8ECE-D9419845F793}.Debug|Any CPU.Build.0 = Debug|Any CPU
		{53A5D925-1FD4-482E-8ECE-D9419845F793}.Release|Any CPU.ActiveCfg = Release|Any CPU
		{53A5D925-1FD4-482E-8ECE-D9419845F793}.Release|Any CPU.Build.0 = Release|Any CPU
		{3E55D5ED-8511-4F5A-8D91-18DA495CC464}.Debug|Any CPU.ActiveCfg = Debug|Any CPU
		{3E55D5ED-8511-4F5A-8D91-18DA495CC464}.Debug|Any CPU.Build.0 = Debug|Any CPU
		{3E55D5ED-8511-4F5A-8D91-18DA495CC464}.Release|Any CPU.ActiveCfg = Release|Any CPU
		{3E55D5ED-8511-4F5A-8D91-18DA495CC464}.Release|Any CPU.Build.0 = Release|Any CPU
	EndGlobalSection
	GlobalSection(SolutionProperties) = preSolution
		HideSolutionNode = FALSE
	EndGlobalSection
	GlobalSection(ExtensibilityGlobals) = postSolution
		SolutionGuid = {DA78BE57-BF34-495F-85CC-3D44D1332D89}
	EndGlobalSection
EndGlobal
