
Microsoft Visual Studio Solution File, Format Version 12.00
# Visual Studio Version 16
VisualStudioVersion = 16.0.30413.136
MinimumVisualStudioVersion = 10.0.40219.1
Project("{FAE04EC0-301F-11D3-BF4B-00C04F79EFBC}") = "Clase10", "Clase10\Clase10.csproj", "{2323A6FF-548A-4B6D-9023-C6E37B83505A}"
EndProject
Project("{FAE04EC0-301F-11D3-BF4B-00C04F79EFBC}") = "Ent", "Ent\Ent.csproj", "{64FB80B0-A46A-403A-9847-2EE65FA1C07A}"
EndProject
Global
	GlobalSection(SolutionConfigurationPlatforms) = preSolution
		Debug|Any CPU = Debug|Any CPU
		Release|Any CPU = Release|Any CPU
	EndGlobalSection
	GlobalSection(ProjectConfigurationPlatforms) = postSolution
		{2323A6FF-548A-4B6D-9023-C6E37B83505A}.Debug|Any CPU.ActiveCfg = Debug|Any CPU
		{2323A6FF-548A-4B6D-9023-C6E37B83505A}.Debug|Any CPU.Build.0 = Debug|Any CPU
		{2323A6FF-548A-4B6D-9023-C6E37B83505A}.Release|Any CPU.ActiveCfg = Release|Any CPU
		{2323A6FF-548A-4B6D-9023-C6E37B83505A}.Release|Any CPU.Build.0 = Release|Any CPU
		{64FB80B0-A46A-403A-9847-2EE65FA1C07A}.Debug|Any CPU.ActiveCfg = Debug|Any CPU
		{64FB80B0-A46A-403A-9847-2EE65FA1C07A}.Debug|Any CPU.Build.0 = Debug|Any CPU
		{64FB80B0-A46A-403A-9847-2EE65FA1C07A}.Release|Any CPU.ActiveCfg = Release|Any CPU
		{64FB80B0-A46A-403A-9847-2EE65FA1C07A}.Release|Any CPU.Build.0 = Release|Any CPU
	EndGlobalSection
	GlobalSection(SolutionProperties) = preSolution
		HideSolutionNode = FALSE
	EndGlobalSection
	GlobalSection(ExtensibilityGlobals) = postSolution
		SolutionGuid = {65A79E79-40B3-467A-AF05-FC8845BACCAD}
	EndGlobalSection
EndGlobal
