
Microsoft Visual Studio Solution File, Format Version 12.00
# Visual Studio Version 16
VisualStudioVersion = 16.0.30413.136
MinimumVisualStudioVersion = 10.0.40219.1
Project("{FAE04EC0-301F-11D3-BF4B-00C04F79EFBC}") = "Boligrafos", "Boligrafo\Boligrafos.csproj", "{FD1F456F-86B6-4B4F-ABFF-3B91D614D7B3}"
EndProject
Project("{FAE04EC0-301F-11D3-BF4B-00C04F79EFBC}") = "Ejercicio17", "Ejercicio17\Ejercicio17.csproj", "{C31DCB62-6D06-4948-BAD4-CDDB90C09674}"
EndProject
Global
	GlobalSection(SolutionConfigurationPlatforms) = preSolution
		Debug|Any CPU = Debug|Any CPU
		Release|Any CPU = Release|Any CPU
	EndGlobalSection
	GlobalSection(ProjectConfigurationPlatforms) = postSolution
		{FD1F456F-86B6-4B4F-ABFF-3B91D614D7B3}.Debug|Any CPU.ActiveCfg = Debug|Any CPU
		{FD1F456F-86B6-4B4F-ABFF-3B91D614D7B3}.Debug|Any CPU.Build.0 = Debug|Any CPU
		{FD1F456F-86B6-4B4F-ABFF-3B91D614D7B3}.Release|Any CPU.ActiveCfg = Release|Any CPU
		{FD1F456F-86B6-4B4F-ABFF-3B91D614D7B3}.Release|Any CPU.Build.0 = Release|Any CPU
		{C31DCB62-6D06-4948-BAD4-CDDB90C09674}.Debug|Any CPU.ActiveCfg = Debug|Any CPU
		{C31DCB62-6D06-4948-BAD4-CDDB90C09674}.Debug|Any CPU.Build.0 = Debug|Any CPU
		{C31DCB62-6D06-4948-BAD4-CDDB90C09674}.Release|Any CPU.ActiveCfg = Release|Any CPU
		{C31DCB62-6D06-4948-BAD4-CDDB90C09674}.Release|Any CPU.Build.0 = Release|Any CPU
	EndGlobalSection
	GlobalSection(SolutionProperties) = preSolution
		HideSolutionNode = FALSE
	EndGlobalSection
	GlobalSection(ExtensibilityGlobals) = postSolution
		SolutionGuid = {D1571137-3586-495E-9F5B-5A4B434FFC6C}
	EndGlobalSection
EndGlobal
